
Microsoft Visual Studio Solution File, Format Version 12.00
# Visual Studio Version 16
VisualStudioVersion = 16.0.30517.126
MinimumVisualStudioVersion = 10.0.40219.1
Project("{FAE04EC0-301F-11D3-BF4B-00C04F79EFBC}") = "Game.WebApi", "Game.WebApi\Game.WebApi.csproj", "{54320371-E2FD-44DC-A644-B3D534501671}"
EndProject
Global
	GlobalSection(SolutionConfigurationPlatforms) = preSolution
		Debug|Any CPU = Debug|Any CPU
		Release|Any CPU = Release|Any CPU
	EndGlobalSection
	GlobalSection(ProjectConfigurationPlatforms) = postSolution
		{54320371-E2FD-44DC-A644-B3D534501671}.Debug|Any CPU.ActiveCfg = Debug|Any CPU
		{54320371-E2FD-44DC-A644-B3D534501671}.Debug|Any CPU.Build.0 = Debug|Any CPU
		{54320371-E2FD-44DC-A644-B3D534501671}.Release|Any CPU.ActiveCfg = Release|Any CPU
		{54320371-E2FD-44DC-A644-B3D534501671}.Release|Any CPU.Build.0 = Release|Any CPU
	EndGlobalSection
	GlobalSection(SolutionProperties) = preSolution
		HideSolutionNode = FALSE
	EndGlobalSection
	GlobalSection(ExtensibilityGlobals) = postSolution
		SolutionGuid = {BCC4C400-F3E2-44C0-8713-75B13F1DFAB5}
	EndGlobalSection
EndGlobal
